
Microsoft Visual Studio Solution File, Format Version 12.00
# Visual Studio Version 17
VisualStudioVersion = 17.5.002.0
MinimumVisualStudioVersion = 10.0.40219.1
Project("{9A19103F-16F7-4668-BE54-9A1E7A4F7556}") = "Indices", "Indices.csproj", "{25EE2540-62F1-4373-9B9A-E505637C840C}"
EndProject
Global
	GlobalSection(SolutionConfigurationPlatforms) = preSolution
		Debug|Any CPU = Debug|Any CPU
		Release|Any CPU = Release|Any CPU
	EndGlobalSection
	GlobalSection(ProjectConfigurationPlatforms) = postSolution
		{25EE2540-62F1-4373-9B9A-E505637C840C}.Debug|Any CPU.ActiveCfg = Debug|Any CPU
		{25EE2540-62F1-4373-9B9A-E505637C840C}.Debug|Any CPU.Build.0 = Debug|Any CPU
		{25EE2540-62F1-4373-9B9A-E505637C840C}.Release|Any CPU.ActiveCfg = Release|Any CPU
		{25EE2540-62F1-4373-9B9A-E505637C840C}.Release|Any CPU.Build.0 = Release|Any CPU
	EndGlobalSection
	GlobalSection(SolutionProperties) = preSolution
		HideSolutionNode = FALSE
	EndGlobalSection
	GlobalSection(ExtensibilityGlobals) = postSolution
		SolutionGuid = {63DBD819-4D30-4DE3-AD88-CC37FF9BBEC6}
	EndGlobalSection
EndGlobal
